{
  "requires": true,
  "lockfileVersion": 1,
  "dependencies": {
    "sweetalert2": {
      "version": "9.10.1",
      "resolved": "https://registry.npmjs.org/sweetalert2/-/sweetalert2-9.10.1.tgz",
      "integrity": "sha512-8wQIqk1bRub5SwE4mQIgzHdgGoh0NVwmC5peSmhDtKwZpwPO0Be8ucPtCTuO/VROPwvrlkyWFKwSPaPJejft7Q=="
    }
  }
}
